
Microsoft Visual Studio Solution File, Format Version 12.00
# Visual Studio Version 16
VisualStudioVersion = 16.0.30517.126
MinimumVisualStudioVersion = 10.0.40219.1
Project("{C7167F0D-BC9F-4E6E-AFE1-012C56B48DB5}") = "PackageTest", "PackageTest.wapproj", "{DC13803E-D102-4DA5-8AD0-BD297A807C4F}"
EndProject
Project("{FAE04EC0-301F-11D3-BF4B-00C04F79EFBC}") = "ExcelOpener", "ExcelOpener\ExcelOpener.csproj", "{58E6ED54-59A9-4267-8236-D8F8B0AF636E}"
EndProject
Project("{FAE04EC0-301F-11D3-BF4B-00C04F79EFBC}") = "Excel.Interop", "Excel.Interop\Excel.Interop.csproj", "{FB71514A-B1DF-4C91-982E-BA692C093C2F}"
EndProject
Global
	GlobalSection(SolutionConfigurationPlatforms) = preSolution
		Debug|Any CPU = Debug|Any CPU
		Debug|ARM = Debug|ARM
		Debug|ARM64 = Debug|ARM64
		Debug|x64 = Debug|x64
		Debug|x86 = Debug|x86
		Release|Any CPU = Release|Any CPU
		Release|ARM = Release|ARM
		Release|ARM64 = Release|ARM64
		Release|x64 = Release|x64
		Release|x86 = Release|x86
	EndGlobalSection
	GlobalSection(ProjectConfigurationPlatforms) = postSolution
		{DC13803E-D102-4DA5-8AD0-BD297A807C4F}.Debug|Any CPU.ActiveCfg = Debug|Any CPU
		{DC13803E-D102-4DA5-8AD0-BD297A807C4F}.Debug|Any CPU.Build.0 = Debug|Any CPU
		{DC13803E-D102-4DA5-8AD0-BD297A807C4F}.Debug|Any CPU.Deploy.0 = Debug|Any CPU
		{DC13803E-D102-4DA5-8AD0-BD297A807C4F}.Debug|ARM.ActiveCfg = Debug|ARM
		{DC13803E-D102-4DA5-8AD0-BD297A807C4F}.Debug|ARM.Build.0 = Debug|ARM
		{DC13803E-D102-4DA5-8AD0-BD297A807C4F}.Debug|ARM.Deploy.0 = Debug|ARM
		{DC13803E-D102-4DA5-8AD0-BD297A807C4F}.Debug|ARM64.ActiveCfg = Debug|ARM64
		{DC13803E-D102-4DA5-8AD0-BD297A807C4F}.Debug|ARM64.Build.0 = Debug|ARM64
		{DC13803E-D102-4DA5-8AD0-BD297A807C4F}.Debug|ARM64.Deploy.0 = Debug|ARM64
		{DC13803E-D102-4DA5-8AD0-BD297A807C4F}.Debug|x64.ActiveCfg = Debug|x64
		{DC13803E-D102-4DA5-8AD0-BD297A807C4F}.Debug|x64.Build.0 = Debug|x64
		{DC13803E-D102-4DA5-8AD0-BD297A807C4F}.Debug|x64.Deploy.0 = Debug|x64
		{DC13803E-D102-4DA5-8AD0-BD297A807C4F}.Debug|x86.ActiveCfg = Debug|x86
		{DC13803E-D102-4DA5-8AD0-BD297A807C4F}.Debug|x86.Build.0 = Debug|x86
		{DC13803E-D102-4DA5-8AD0-BD297A807C4F}.Debug|x86.Deploy.0 = Debug|x86
		{DC13803E-D102-4DA5-8AD0-BD297A807C4F}.Release|Any CPU.ActiveCfg = Release|Any CPU
		{DC13803E-D102-4DA5-8AD0-BD297A807C4F}.Release|Any CPU.Build.0 = Release|Any CPU
		{DC13803E-D102-4DA5-8AD0-BD297A807C4F}.Release|Any CPU.Deploy.0 = Release|Any CPU
		{DC13803E-D102-4DA5-8AD0-BD297A807C4F}.Release|ARM.ActiveCfg = Release|ARM
		{DC13803E-D102-4DA5-8AD0-BD297A807C4F}.Release|ARM.Build.0 = Release|ARM
		{DC13803E-D102-4DA5-8AD0-BD297A807C4F}.Release|ARM.Deploy.0 = Release|ARM
		{DC13803E-D102-4DA5-8AD0-BD297A807C4F}.Release|ARM64.ActiveCfg = Release|ARM64
		{DC13803E-D102-4DA5-8AD0-BD297A807C4F}.Release|ARM64.Build.0 = Release|ARM64
		{DC13803E-D102-4DA5-8AD0-BD297A807C4F}.Release|ARM64.Deploy.0 = Release|ARM64
		{DC13803E-D102-4DA5-8AD0-BD297A807C4F}.Release|x64.ActiveCfg = Release|x64
		{DC13803E-D102-4DA5-8AD0-BD297A807C4F}.Release|x64.Build.0 = Release|x64
		{DC13803E-D102-4DA5-8AD0-BD297A807C4F}.Release|x64.Deploy.0 = Release|x64
		{DC13803E-D102-4DA5-8AD0-BD297A807C4F}.Release|x86.ActiveCfg = Release|x86
		{DC13803E-D102-4DA5-8AD0-BD297A807C4F}.Release|x86.Build.0 = Release|x86
		{DC13803E-D102-4DA5-8AD0-BD297A807C4F}.Release|x86.Deploy.0 = Release|x86
		{58E6ED54-59A9-4267-8236-D8F8B0AF636E}.Debug|Any CPU.ActiveCfg = Debug|x86
		{58E6ED54-59A9-4267-8236-D8F8B0AF636E}.Debug|ARM.ActiveCfg = Debug|ARM
		{58E6ED54-59A9-4267-8236-D8F8B0AF636E}.Debug|ARM.Build.0 = Debug|ARM
		{58E6ED54-59A9-4267-8236-D8F8B0AF636E}.Debug|ARM.Deploy.0 = Debug|ARM
		{58E6ED54-59A9-4267-8236-D8F8B0AF636E}.Debug|ARM64.ActiveCfg = Debug|ARM64
		{58E6ED54-59A9-4267-8236-D8F8B0AF636E}.Debug|ARM64.Build.0 = Debug|ARM64
		{58E6ED54-59A9-4267-8236-D8F8B0AF636E}.Debug|ARM64.Deploy.0 = Debug|ARM64
		{58E6ED54-59A9-4267-8236-D8F8B0AF636E}.Debug|x64.ActiveCfg = Debug|x64
		{58E6ED54-59A9-4267-8236-D8F8B0AF636E}.Debug|x64.Build.0 = Debug|x64
		{58E6ED54-59A9-4267-8236-D8F8B0AF636E}.Debug|x64.Deploy.0 = Debug|x64
		{58E6ED54-59A9-4267-8236-D8F8B0AF636E}.Debug|x86.ActiveCfg = Debug|x86
		{58E6ED54-59A9-4267-8236-D8F8B0AF636E}.Debug|x86.Build.0 = Debug|x86
		{58E6ED54-59A9-4267-8236-D8F8B0AF636E}.Debug|x86.Deploy.0 = Debug|x86
		{58E6ED54-59A9-4267-8236-D8F8B0AF636E}.Release|Any CPU.ActiveCfg = Release|x86
		{58E6ED54-59A9-4267-8236-D8F8B0AF636E}.Release|ARM.ActiveCfg = Release|ARM
		{58E6ED54-59A9-4267-8236-D8F8B0AF636E}.Release|ARM.Build.0 = Release|ARM
		{58E6ED54-59A9-4267-8236-D8F8B0AF636E}.Release|ARM.Deploy.0 = Release|ARM
		{58E6ED54-59A9-4267-8236-D8F8B0AF636E}.Release|ARM64.ActiveCfg = Release|ARM64
		{58E6ED54-59A9-4267-8236-D8F8B0AF636E}.Release|ARM64.Build.0 = Release|ARM64
		{58E6ED54-59A9-4267-8236-D8F8B0AF636E}.Release|ARM64.Deploy.0 = Release|ARM64
		{58E6ED54-59A9-4267-8236-D8F8B0AF636E}.Release|x64.ActiveCfg = Release|x64
		{58E6ED54-59A9-4267-8236-D8F8B0AF636E}.Release|x64.Build.0 = Release|x64
		{58E6ED54-59A9-4267-8236-D8F8B0AF636E}.Release|x64.Deploy.0 = Release|x64
		{58E6ED54-59A9-4267-8236-D8F8B0AF636E}.Release|x86.ActiveCfg = Release|x86
		{58E6ED54-59A9-4267-8236-D8F8B0AF636E}.Release|x86.Build.0 = Release|x86
		{58E6ED54-59A9-4267-8236-D8F8B0AF636E}.Release|x86.Deploy.0 = Release|x86
		{FB71514A-B1DF-4C91-982E-BA692C093C2F}.Debug|Any CPU.ActiveCfg = Debug|Any CPU
		{FB71514A-B1DF-4C91-982E-BA692C093C2F}.Debug|Any CPU.Build.0 = Debug|Any CPU
		{FB71514A-B1DF-4C91-982E-BA692C093C2F}.Debug|ARM.ActiveCfg = Debug|Any CPU
		{FB71514A-B1DF-4C91-982E-BA692C093C2F}.Debug|ARM.Build.0 = Debug|Any CPU
		{FB71514A-B1DF-4C91-982E-BA692C093C2F}.Debug|ARM64.ActiveCfg = Debug|Any CPU
		{FB71514A-B1DF-4C91-982E-BA692C093C2F}.Debug|ARM64.Build.0 = Debug|Any CPU
		{FB71514A-B1DF-4C91-982E-BA692C093C2F}.Debug|x64.ActiveCfg = Debug|Any CPU
		{FB71514A-B1DF-4C91-982E-BA692C093C2F}.Debug|x64.Build.0 = Debug|Any CPU
		{FB71514A-B1DF-4C91-982E-BA692C093C2F}.Debug|x86.ActiveCfg = Debug|Any CPU
		{FB71514A-B1DF-4C91-982E-BA692C093C2F}.Debug|x86.Build.0 = Debug|Any CPU
		{FB71514A-B1DF-4C91-982E-BA692C093C2F}.Release|Any CPU.ActiveCfg = Release|Any CPU
		{FB71514A-B1DF-4C91-982E-BA692C093C2F}.Release|Any CPU.Build.0 = Release|Any CPU
		{FB71514A-B1DF-4C91-982E-BA692C093C2F}.Release|ARM.ActiveCfg = Release|Any CPU
		{FB71514A-B1DF-4C91-982E-BA692C093C2F}.Release|ARM.Build.0 = Release|Any CPU
		{FB71514A-B1DF-4C91-982E-BA692C093C2F}.Release|ARM64.ActiveCfg = Release|Any CPU
		{FB71514A-B1DF-4C91-982E-BA692C093C2F}.Release|ARM64.Build.0 = Release|Any CPU
		{FB71514A-B1DF-4C91-982E-BA692C093C2F}.Release|x64.ActiveCfg = Release|Any CPU
		{FB71514A-B1DF-4C91-982E-BA692C093C2F}.Release|x64.Build.0 = Release|Any CPU
		{FB71514A-B1DF-4C91-982E-BA692C093C2F}.Release|x86.ActiveCfg = Release|Any CPU
		{FB71514A-B1DF-4C91-982E-BA692C093C2F}.Release|x86.Build.0 = Release|Any CPU
	EndGlobalSection
	GlobalSection(SolutionProperties) = preSolution
		HideSolutionNode = FALSE
	EndGlobalSection
	GlobalSection(ExtensibilityGlobals) = postSolution
		SolutionGuid = {778E62E9-CD39-4309-AFB8-D90556C0D51F}
	EndGlobalSection
EndGlobal
