
Microsoft Visual Studio Solution File, Format Version 12.00
# Visual Studio 15
VisualStudioVersion = 15.0.27703.2000
MinimumVisualStudioVersion = 10.0.40219.1
Project("{FAE04EC0-301F-11D3-BF4B-00C04F79EFBC}") = "BuildNumberTest2", "BuildNumberTest2\BuildNumberTest2.csproj", "{EB51BBFD-00C5-4278-A082-4F575A472B54}"
EndProject
Global
	GlobalSection(SolutionConfigurationPlatforms) = preSolution
		Debug|Any CPU = Debug|Any CPU
		Release|Any CPU = Release|Any CPU
	EndGlobalSection
	GlobalSection(ProjectConfigurationPlatforms) = postSolution
		{EB51BBFD-00C5-4278-A082-4F575A472B54}.Debug|Any CPU.ActiveCfg = Debug|Any CPU
		{EB51BBFD-00C5-4278-A082-4F575A472B54}.Debug|Any CPU.Build.0 = Debug|Any CPU
		{EB51BBFD-00C5-4278-A082-4F575A472B54}.Release|Any CPU.ActiveCfg = Release|Any CPU
		{EB51BBFD-00C5-4278-A082-4F575A472B54}.Release|Any CPU.Build.0 = Release|Any CPU
	EndGlobalSection
	GlobalSection(SolutionProperties) = preSolution
		HideSolutionNode = FALSE
	EndGlobalSection
	GlobalSection(ExtensibilityGlobals) = postSolution
		SolutionGuid = {5DED22A8-129E-4814-923F-403938FD5A0A}
	EndGlobalSection
EndGlobal
